
Microsoft Visual Studio Solution File, Format Version 12.00
# Visual Studio Version 17
VisualStudioVersion = 17.9.34622.214
MinimumVisualStudioVersion = 10.0.40219.1
Project("{C9674DCB-5085-4A16-B785-4C70DD1589BD}") = "FtpToPostgre", "FtpToPostgre\FtpToPostgre.dtproj", "{50D617DF-FE9D-44AD-8CE6-8FCE2E02507A}"
EndProject
Global
	GlobalSection(SolutionConfigurationPlatforms) = preSolution
		Development|Default = Development|Default
	EndGlobalSection
	GlobalSection(ProjectConfigurationPlatforms) = postSolution
		{50D617DF-FE9D-44AD-8CE6-8FCE2E02507A}.Development|Default.ActiveCfg = Development
		{50D617DF-FE9D-44AD-8CE6-8FCE2E02507A}.Development|Default.Build.0 = Development
	EndGlobalSection
	GlobalSection(SolutionProperties) = preSolution
		HideSolutionNode = FALSE
	EndGlobalSection
	GlobalSection(ExtensibilityGlobals) = postSolution
		SolutionGuid = {536757AC-BF71-452B-8C6F-53AA5D7254B4}
	EndGlobalSection
EndGlobal
